
Microsoft Visual Studio Solution File, Format Version 12.00
# Visual Studio 15
VisualStudioVersion = 15.0.27428.2005
MinimumVisualStudioVersion = 10.0.40219.1
Project("{2150E333-8FDC-42A3-9474-1A3956D46DE8}") = "dlls", "dlls", "{E3465BDE-D1C8-4FC1-A6E2-979BE447BE78}"
	ProjectSection(SolutionItems) = preProject
		dlls\Bots.ApiLayer.dll = dlls\Bots.ApiLayer.dll
		dlls\Bots.Common.dll = dlls\Bots.Common.dll
	EndProjectSection
EndProject
Project("{FAE04EC0-301F-11D3-BF4B-00C04F79EFBC}") = "Bot.App", "Bot.App\Bot.App.csproj", "{7F8432D4-B25B-41B7-A00D-2BF9C9F9AEF4}"
EndProject
Project("{FAE04EC0-301F-11D3-BF4B-00C04F79EFBC}") = "Bot.Web", "Bot.Web\Bot.Web.csproj", "{5C7DDE06-4257-457C-97A2-96DD38B12626}"
EndProject
Global
	GlobalSection(SolutionConfigurationPlatforms) = preSolution
		Debug|Any CPU = Debug|Any CPU
		Release|Any CPU = Release|Any CPU
	EndGlobalSection
	GlobalSection(ProjectConfigurationPlatforms) = postSolution
		{7F8432D4-B25B-41B7-A00D-2BF9C9F9AEF4}.Debug|Any CPU.ActiveCfg = Debug|Any CPU
		{7F8432D4-B25B-41B7-A00D-2BF9C9F9AEF4}.Debug|Any CPU.Build.0 = Debug|Any CPU
		{7F8432D4-B25B-41B7-A00D-2BF9C9F9AEF4}.Release|Any CPU.ActiveCfg = Release|Any CPU
		{7F8432D4-B25B-41B7-A00D-2BF9C9F9AEF4}.Release|Any CPU.Build.0 = Release|Any CPU
		{5C7DDE06-4257-457C-97A2-96DD38B12626}.Debug|Any CPU.ActiveCfg = Debug|Any CPU
		{5C7DDE06-4257-457C-97A2-96DD38B12626}.Debug|Any CPU.Build.0 = Debug|Any CPU
		{5C7DDE06-4257-457C-97A2-96DD38B12626}.Release|Any CPU.ActiveCfg = Release|Any CPU
		{5C7DDE06-4257-457C-97A2-96DD38B12626}.Release|Any CPU.Build.0 = Release|Any CPU
	EndGlobalSection
	GlobalSection(SolutionProperties) = preSolution
		HideSolutionNode = FALSE
	EndGlobalSection
	GlobalSection(ExtensibilityGlobals) = postSolution
		SolutionGuid = {D05492B7-FF3B-4C05-9D8F-BF0899A1CBBF}
	EndGlobalSection
EndGlobal
